
Microsoft Visual Studio Solution File, Format Version 12.00
# Visual Studio Version 16
VisualStudioVersion = 16.0.31205.134
MinimumVisualStudioVersion = 10.0.40219.1
Project("{9A19103F-16F7-4668-BE54-9A1E7A4F7556}") = "Metriks.Service", "Metriks.Service\Metriks.Service.csproj", "{69D83591-005C-401A-8398-CF4CB6DC943F}"
EndProject
Project("{9A19103F-16F7-4668-BE54-9A1E7A4F7556}") = "Metriks.E2E", "Metriks.E2E\Metriks.E2E.csproj", "{27675F80-E617-4098-B384-6CE5B9E5D5DE}"
EndProject
Project("{9A19103F-16F7-4668-BE54-9A1E7A4F7556}") = "Metriks.Sdk", "Metriks.Sdk\Metriks.Sdk.csproj", "{005F5FEF-6BE5-4BE2-A07D-A72B8CD30706}"
EndProject
Project("{2150E333-8FDC-42A3-9474-1A3956D46DE8}") = "100DaysInfo", "100DaysInfo", "{A4E58C77-1F64-49B7-9C33-5CA45E194534}"
	ProjectSection(SolutionItems) = preProject
		..\..\.gitignore = ..\..\.gitignore
		..\..\log.md = ..\..\log.md
		..\..\r1-log.md = ..\..\r1-log.md
		..\..\README.md = ..\..\README.md
	EndProjectSection
EndProject
Project("{2150E333-8FDC-42A3-9474-1A3956D46DE8}") = "Metriks Overview", "Metriks Overview", "{B88C637E-5C8E-4E1E-9E0C-E7D0D6792B49}"
	ProjectSection(SolutionItems) = preProject
		..\README.md = ..\README.md
	EndProjectSection
EndProject
Project("{2150E333-8FDC-42A3-9474-1A3956D46DE8}") = "Client", "Client", "{F905DA9A-A9C0-4E2D-810F-184AC8B61310}"
EndProject
Project("{2150E333-8FDC-42A3-9474-1A3956D46DE8}") = "Server", "Server", "{CB5DEC9A-D6D3-4237-A2DC-72E05EC954C5}"
EndProject
Project("{FAE04EC0-301F-11D3-BF4B-00C04F79EFBC}") = "Metriks.Domain", "Metriks.Domain\Metriks.Domain.csproj", "{E17DA6BD-0CF7-4BE4-AC2D-CC526B9019BB}"
EndProject
Project("{FAE04EC0-301F-11D3-BF4B-00C04F79EFBC}") = "Metriks.Domain.UnitTests", "Metriks.Domain.UnitTests\Metriks.Domain.UnitTests.csproj", "{B4780542-E2DB-4F7F-9C0B-2AC4D2B6392E}"
EndProject
Global
	GlobalSection(SolutionConfigurationPlatforms) = preSolution
		Debug|Any CPU = Debug|Any CPU
		Release|Any CPU = Release|Any CPU
	EndGlobalSection
	GlobalSection(ProjectConfigurationPlatforms) = postSolution
		{69D83591-005C-401A-8398-CF4CB6DC943F}.Debug|Any CPU.ActiveCfg = Debug|Any CPU
		{69D83591-005C-401A-8398-CF4CB6DC943F}.Debug|Any CPU.Build.0 = Debug|Any CPU
		{69D83591-005C-401A-8398-CF4CB6DC943F}.Release|Any CPU.ActiveCfg = Release|Any CPU
		{69D83591-005C-401A-8398-CF4CB6DC943F}.Release|Any CPU.Build.0 = Release|Any CPU
		{27675F80-E617-4098-B384-6CE5B9E5D5DE}.Debug|Any CPU.ActiveCfg = Debug|Any CPU
		{27675F80-E617-4098-B384-6CE5B9E5D5DE}.Debug|Any CPU.Build.0 = Debug|Any CPU
		{27675F80-E617-4098-B384-6CE5B9E5D5DE}.Release|Any CPU.ActiveCfg = Release|Any CPU
		{27675F80-E617-4098-B384-6CE5B9E5D5DE}.Release|Any CPU.Build.0 = Release|Any CPU
		{005F5FEF-6BE5-4BE2-A07D-A72B8CD30706}.Debug|Any CPU.ActiveCfg = Debug|Any CPU
		{005F5FEF-6BE5-4BE2-A07D-A72B8CD30706}.Debug|Any CPU.Build.0 = Debug|Any CPU
		{005F5FEF-6BE5-4BE2-A07D-A72B8CD30706}.Release|Any CPU.ActiveCfg = Release|Any CPU
		{005F5FEF-6BE5-4BE2-A07D-A72B8CD30706}.Release|Any CPU.Build.0 = Release|Any CPU
		{E17DA6BD-0CF7-4BE4-AC2D-CC526B9019BB}.Debug|Any CPU.ActiveCfg = Debug|Any CPU
		{E17DA6BD-0CF7-4BE4-AC2D-CC526B9019BB}.Debug|Any CPU.Build.0 = Debug|Any CPU
		{E17DA6BD-0CF7-4BE4-AC2D-CC526B9019BB}.Release|Any CPU.ActiveCfg = Release|Any CPU
		{E17DA6BD-0CF7-4BE4-AC2D-CC526B9019BB}.Release|Any CPU.Build.0 = Release|Any CPU
		{B4780542-E2DB-4F7F-9C0B-2AC4D2B6392E}.Debug|Any CPU.ActiveCfg = Debug|Any CPU
		{B4780542-E2DB-4F7F-9C0B-2AC4D2B6392E}.Debug|Any CPU.Build.0 = Debug|Any CPU
		{B4780542-E2DB-4F7F-9C0B-2AC4D2B6392E}.Release|Any CPU.ActiveCfg = Release|Any CPU
		{B4780542-E2DB-4F7F-9C0B-2AC4D2B6392E}.Release|Any CPU.Build.0 = Release|Any CPU
	EndGlobalSection
	GlobalSection(SolutionProperties) = preSolution
		HideSolutionNode = FALSE
	EndGlobalSection
	GlobalSection(NestedProjects) = preSolution
		{69D83591-005C-401A-8398-CF4CB6DC943F} = {CB5DEC9A-D6D3-4237-A2DC-72E05EC954C5}
		{27675F80-E617-4098-B384-6CE5B9E5D5DE} = {F905DA9A-A9C0-4E2D-810F-184AC8B61310}
		{005F5FEF-6BE5-4BE2-A07D-A72B8CD30706} = {F905DA9A-A9C0-4E2D-810F-184AC8B61310}
		{E17DA6BD-0CF7-4BE4-AC2D-CC526B9019BB} = {CB5DEC9A-D6D3-4237-A2DC-72E05EC954C5}
		{B4780542-E2DB-4F7F-9C0B-2AC4D2B6392E} = {CB5DEC9A-D6D3-4237-A2DC-72E05EC954C5}
	EndGlobalSection
	GlobalSection(ExtensibilityGlobals) = postSolution
		SolutionGuid = {2F022A08-E6FF-46DC-88E6-789FFACB700C}
	EndGlobalSection
EndGlobal
